// !$*UTF8*$!
{
	archiveVersion = 1;
	classes = {
	};
	objectVersion = 55;
	objects = {

/* Begin PBXBuildFile section */
		18A828C82831375A0043F26B /* BMI.swift in Sources */ = {isa = PBXBuildFile; fileRef = 18A828C72831375A0043F26B /* BMI.swift */; };
		18A828CD28313E7D0043F26B /* GoodHealth.json in Resources */ = {isa = PBXBuildFile; fileRef = 18A828CA28313E7D0043F26B /* GoodHealth.json */; };
		18A828CF28313E7D0043F26B /* Pie.json in Resources */ = {isa = PBXBuildFile; fileRef = 18A828CC28313E7D0043F26B /* Pie.json */; };
		18A828D1283145BB0043F26B /* Cake.json in Resources */ = {isa = PBXBuildFile; fileRef = 18A828D0283145BB0043F26B /* Cake.json */; };
		18B106312831336B00AD6CB1 /* CalculateViewController.swift in Sources */ = {isa = PBXBuildFile; fileRef = 18B106302831336B00AD6CB1 /* CalculateViewController.swift */; };
		18B10633283133EF00AD6CB1 /* ResultViewController.swift in Sources */ = {isa = PBXBuildFile; fileRef = 18B10632283133EF00AD6CB1 /* ResultViewController.swift */; };
		18B106352831342A00AD6CB1 /* CalculatorBrain.swift in Sources */ = {isa = PBXBuildFile; fileRef = 18B106342831342A00AD6CB1 /* CalculatorBrain.swift */; };
		18F91B77280BE905008AB893 /* AppDelegate.swift in Sources */ = {isa = PBXBuildFile; fileRef = 18F91B76280BE905008AB893 /* AppDelegate.swift */; };
		18F91B79280BE905008AB893 /* SceneDelegate.swift in Sources */ = {isa = PBXBuildFile; fileRef = 18F91B78280BE905008AB893 /* SceneDelegate.swift */; };
		18F91B7B280BE905008AB893 /* ViewController.swift in Sources */ = {isa = PBXBuildFile; fileRef = 18F91B7A280BE905008AB893 /* ViewController.swift */; };
		18F91B80280BE906008AB893 /* Assets.xcassets in Resources */ = {isa = PBXBuildFile; fileRef = 18F91B7F280BE906008AB893 /* Assets.xcassets */; };
		18F91B83280BE906008AB893 /* LaunchScreen.storyboard in Resources */ = {isa = PBXBuildFile; fileRef = 18F91B81280BE906008AB893 /* LaunchScreen.storyboard */; };
		18F91B94280BE9E4008AB893 /* Main.storyboard in Resources */ = {isa = PBXBuildFile; fileRef = 18F91B92280BE9E4008AB893 /* Main.storyboard */; };
		A954BAEC9C3A5FB1D5D59817 /* Pods_BMICalculatorApp.framework in Frameworks */ = {isa = PBXBuildFile; fileRef = CFA647E8B6DCC7C895843599 /* Pods_BMICalculatorApp.framework */; };
/* End PBXBuildFile section */

/* Begin PBXFileReference section */
		06CCC8E8EEC28035F35C0C7C /* Pods-BMICalculatorApp.debug.xcconfig */ = {isa = PBXFileReference; includeInIndex = 1; lastKnownFileType = text.xcconfig; name = "Pods-BMICalculatorApp.debug.xcconfig"; path = "Target Support Files/Pods-BMICalculatorApp/Pods-BMICalculatorApp.debug.xcconfig"; sourceTree = "<group>"; };
		18A828C72831375A0043F26B /* BMI.swift */ = {isa = PBXFileReference; lastKnownFileType = sourcecode.swift; path = BMI.swift; sourceTree = "<group>"; };
		18A828CA28313E7D0043F26B /* GoodHealth.json */ = {isa = PBXFileReference; fileEncoding = 4; lastKnownFileType = text.json; path = GoodHealth.json; sourceTree = "<group>"; };
		18A828CC28313E7D0043F26B /* Pie.json */ = {isa = PBXFileReference; fileEncoding = 4; lastKnownFileType = text.json; path = Pie.json; sourceTree = "<group>"; };
		18A828D0283145BB0043F26B /* Cake.json */ = {isa = PBXFileReference; fileEncoding = 4; lastKnownFileType = text.json; path = Cake.json; sourceTree = "<group>"; };
		18B106302831336B00AD6CB1 /* CalculateViewController.swift */ = {isa = PBXFileReference; lastKnownFileType = sourcecode.swift; path = CalculateViewController.swift; sourceTree = "<group>"; };
		18B10632283133EF00AD6CB1 /* ResultViewController.swift */ = {isa = PBXFileReference; lastKnownFileType = sourcecode.swift; path = ResultViewController.swift; sourceTree = "<group>"; };
		18B106342831342A00AD6CB1 /* CalculatorBrain.swift */ = {isa = PBXFileReference; lastKnownFileType = sourcecode.swift; path = CalculatorBrain.swift; sourceTree = "<group>"; };
		18F91B73280BE905008AB893 /* BMICalculatorApp.app */ = {isa = PBXFileReference; explicitFileType = wrapper.application; includeInIndex = 0; path = BMICalculatorApp.app; sourceTree = BUILT_PRODUCTS_DIR; };
		18F91B76280BE905008AB893 /* AppDelegate.swift */ = {isa = PBXFileReference; lastKnownFileType = sourcecode.swift; path = AppDelegate.swift; sourceTree = "<group>"; };
		18F91B78280BE905008AB893 /* SceneDelegate.swift */ = {isa = PBXFileReference; lastKnownFileType = sourcecode.swift; path = SceneDelegate.swift; sourceTree = "<group>"; };
		18F91B7A280BE905008AB893 /* ViewController.swift */ = {isa = PBXFileReference; lastKnownFileType = sourcecode.swift; path = ViewController.swift; sourceTree = "<group>"; };
		18F91B7F280BE906008AB893 /* Assets.xcassets */ = {isa = PBXFileReference; lastKnownFileType = folder.assetcatalog; path = Assets.xcassets; sourceTree = "<group>"; };
		18F91B82280BE906008AB893 /* Base */ = {isa = PBXFileReference; lastKnownFileType = file.storyboard; name = Base; path = Base.lproj/LaunchScreen.storyboard; sourceTree = "<group>"; };
		18F91B84280BE906008AB893 /* Info.plist */ = {isa = PBXFileReference; lastKnownFileType = text.plist.xml; path = Info.plist; sourceTree = "<group>"; };
		18F91B93280BE9E4008AB893 /* Base */ = {isa = PBXFileReference; lastKnownFileType = file.storyboard; name = Base; path = Base.lproj/Main.storyboard; sourceTree = "<group>"; };
		2DC25EA093EBB37485A6FFD4 /* Pods-BMICalculatorApp.release.xcconfig */ = {isa = PBXFileReference; includeInIndex = 1; lastKnownFileType = text.xcconfig; name = "Pods-BMICalculatorApp.release.xcconfig"; path = "Target Support Files/Pods-BMICalculatorApp/Pods-BMICalculatorApp.release.xcconfig"; sourceTree = "<group>"; };
		CFA647E8B6DCC7C895843599 /* Pods_BMICalculatorApp.framework */ = {isa = PBXFileReference; explicitFileType = wrapper.framework; includeInIndex = 0; path = Pods_BMICalculatorApp.framework; sourceTree = BUILT_PRODUCTS_DIR; };
/* End PBXFileReference section */

/* Begin PBXFrameworksBuildPhase section */
		18F91B70280BE905008AB893 /* Frameworks */ = {
			isa = PBXFrameworksBuildPhase;
			buildActionMask = 2147483647;
			files = (
				A954BAEC9C3A5FB1D5D59817 /* Pods_BMICalculatorApp.framework in Frameworks */,
			);
			runOnlyForDeploymentPostprocessing = 0;
		};
/* End PBXFrameworksBuildPhase section */

/* Begin PBXGroup section */
		18A828C6283137470043F26B /* Model */ = {
			isa = PBXGroup;
			children = (
				18B106342831342A00AD6CB1 /* CalculatorBrain.swift */,
				18A828C72831375A0043F26B /* BMI.swift */,
			);
			path = Model;
			sourceTree = "<group>";
		};
		18A828C928313E7D0043F26B /* animation */ = {
			isa = PBXGroup;
			children = (
				18A828D0283145BB0043F26B /* Cake.json */,
				18A828CA28313E7D0043F26B /* GoodHealth.json */,
				18A828CC28313E7D0043F26B /* Pie.json */,
			);
			path = animation;
			sourceTree = "<group>";
		};
		18F91B6A280BE905008AB893 = {
			isa = PBXGroup;
			children = (
				18F91B75280BE905008AB893 /* BMICalculatorApp */,
				18F91B74280BE905008AB893 /* Products */,
				E6923C6B9B9A7ADE59BE4E14 /* Pods */,
				A0469B85A75F79FF50968CC2 /* Frameworks */,
			);
			sourceTree = "<group>";
		};
		18F91B74280BE905008AB893 /* Products */ = {
			isa = PBXGroup;
			children = (
				18F91B73280BE905008AB893 /* BMICalculatorApp.app */,
			);
			name = Products;
			sourceTree = "<group>";
		};
		18F91B75280BE905008AB893 /* BMICalculatorApp */ = {
			isa = PBXGroup;
			children = (
				18A828C928313E7D0043F26B /* animation */,
				18F91B76280BE905008AB893 /* AppDelegate.swift */,
				18F91B78280BE905008AB893 /* SceneDelegate.swift */,
				18F91B7A280BE905008AB893 /* ViewController.swift */,
				18F91B7F280BE906008AB893 /* Assets.xcassets */,
				18F91B81280BE906008AB893 /* LaunchScreen.storyboard */,
				18F91B84280BE906008AB893 /* Info.plist */,
				18A828C6283137470043F26B /* Model */,
				18F91B91280BE9E4008AB893 /* Views */,
				18F91B8A280BE9C8008AB893 /* Controllers */,
			);
			path = BMICalculatorApp;
			sourceTree = "<group>";
		};
		18F91B8A280BE9C8008AB893 /* Controllers */ = {
			isa = PBXGroup;
			children = (
				18B106302831336B00AD6CB1 /* CalculateViewController.swift */,
				18B10632283133EF00AD6CB1 /* ResultViewController.swift */,
			);
			path = Controllers;
			sourceTree = "<group>";
		};
		18F91B91280BE9E4008AB893 /* Views */ = {
			isa = PBXGroup;
			children = (
				18F91B92280BE9E4008AB893 /* Main.storyboard */,
			);
			name = Views;
			path = BMICalculatorApp/Views;
			sourceTree = SOURCE_ROOT;
		};
		A0469B85A75F79FF50968CC2 /* Frameworks */ = {
			isa = PBXGroup;
			children = (
				CFA647E8B6DCC7C895843599 /* Pods_BMICalculatorApp.framework */,
			);
			name = Frameworks;
			sourceTree = "<group>";
		};
		E6923C6B9B9A7ADE59BE4E14 /* Pods */ = {
			isa = PBXGroup;
			children = (
				06CCC8E8EEC28035F35C0C7C /* Pods-BMICalculatorApp.debug.xcconfig */,
				2DC25EA093EBB37485A6FFD4 /* Pods-BMICalculatorApp.release.xcconfig */,
			);
			path = Pods;
			sourceTree = "<group>";
		};
/* End PBXGroup section */

/* Begin PBXNativeTarget section */
		18F91B72280BE905008AB893 /* BMICalculatorApp */ = {
			isa = PBXNativeTarget;
			buildConfigurationList = 18F91B87280BE906008AB893 /* Build configuration list for PBXNativeTarget "BMICalculatorApp" */;
			buildPhases = (
				CE59393958E977A690466834 /* [CP] Check Pods Manifest.lock */,
				18F91B6F280BE905008AB893 /* Sources */,
				18F91B70280BE905008AB893 /* Frameworks */,
				18F91B71280BE905008AB893 /* Resources */,
				7D92658CC3D453EE8D8E1E6B /* [CP] Embed Pods Frameworks */,
			);
			buildRules = (
			);
			dependencies = (
			);
			name = BMICalculatorApp;
			productName = BMICalculatorApp;
			productReference = 18F91B73280BE905008AB893 /* BMICalculatorApp.app */;
			productType = "com.apple.product-type.application";
		};
/* End PBXNativeTarget section */

/* Begin PBXProject section */
		18F91B6B280BE905008AB893 /* Project object */ = {
			isa = PBXProject;
			attributes = {
				BuildIndependentTargetsInParallel = 1;
				LastSwiftUpdateCheck = 1330;
				LastUpgradeCheck = 1330;
				TargetAttributes = {
					18F91B72280BE905008AB893 = {
						CreatedOnToolsVersion = 13.3;
					};
				};
			};
			buildConfigurationList = 18F91B6E280BE905008AB893 /* Build configuration list for PBXProject "BMICalculatorApp" */;
			compatibilityVersion = "Xcode 13.0";
			developmentRegion = en;
			hasScannedForEncodings = 0;
			knownRegions = (
				en,
				Base,
			);
			mainGroup = 18F91B6A280BE905008AB893;
			productRefGroup = 18F91B74280BE905008AB893 /* Products */;
			projectDirPath = "";
			projectRoot = "";
			targets = (
				18F91B72280BE905008AB893 /* BMICalculatorApp */,
			);
		};
/* End PBXProject section */

/* Begin PBXResourcesBuildPhase section */
		18F91B71280BE905008AB893 /* Resources */ = {
			isa = PBXResourcesBuildPhase;
			buildActionMask = 2147483647;
			files = (
				18A828CF28313E7D0043F26B /* Pie.json in Resources */,
				18F91B83280BE906008AB893 /* LaunchScreen.storyboard in Resources */,
				18F91B80280BE906008AB893 /* Assets.xcassets in Resources */,
				18A828CD28313E7D0043F26B /* GoodHealth.json in Resources */,
				18F91B94280BE9E4008AB893 /* Main.storyboard in Resources */,
				18A828D1283145BB0043F26B /* Cake.json in Resources */,
			);
			runOnlyForDeploymentPostprocessing = 0;
		};
/* End PBXResourcesBuildPhase section */

/* Begin PBXShellScriptBuildPhase section */
		7D92658CC3D453EE8D8E1E6B /* [CP] Embed Pods Frameworks */ = {
			isa = PBXShellScriptBuildPhase;
			buildActionMask = 2147483647;
			files = (
			);
			inputFileListPaths = (
				"${PODS_ROOT}/Target Support Files/Pods-BMICalculatorApp/Pods-BMICalculatorApp-frameworks-${CONFIGURATION}-input-files.xcfilelist",
			);
			name = "[CP] Embed Pods Frameworks";
			outputFileListPaths = (
				"${PODS_ROOT}/Target Support Files/Pods-BMICalculatorApp/Pods-BMICalculatorApp-frameworks-${CONFIGURATION}-output-files.xcfilelist",
			);
			runOnlyForDeploymentPostprocessing = 0;
			shellPath = /bin/sh;
			shellScript = "\"${PODS_ROOT}/Target Support Files/Pods-BMICalculatorApp/Pods-BMICalculatorApp-frameworks.sh\"\n";
			showEnvVarsInLog = 0;
		};
		CE59393958E977A690466834 /* [CP] Check Pods Manifest.lock */ = {
			isa = PBXShellScriptBuildPhase;
			buildActionMask = 2147483647;
			files = (
			);
			inputFileListPaths = (
			);
			inputPaths = (
				"${PODS_PODFILE_DIR_PATH}/Podfile.lock",
				"${PODS_ROOT}/Manifest.lock",
			);
			name = "[CP] Check Pods Manifest.lock";
			outputFileListPaths = (
			);
			outputPaths = (
				"$(DERIVED_FILE_DIR)/Pods-BMICalculatorApp-checkManifestLockResult.txt",
			);
			runOnlyForDeploymentPostprocessing = 0;
			shellPath = /bin/sh;
			shellScript = "diff \"${PODS_PODFILE_DIR_PATH}/Podfile.lock\" \"${PODS_ROOT}/Manifest.lock\" > /dev/null\nif [ $? != 0 ] ; then\n    # print error to STDERR\n    echo \"error: The sandbox is not in sync with the Podfile.lock. Run 'pod install' or update your CocoaPods installation.\" >&2\n    exit 1\nfi\n# This output is used by Xcode 'outputs' to avoid re-running this script phase.\necho \"SUCCESS\" > \"${SCRIPT_OUTPUT_FILE_0}\"\n";
			showEnvVarsInLog = 0;
		};
/* End PBXShellScriptBuildPhase section */

/* Begin PBXSourcesBuildPhase section */
		18F91B6F280BE905008AB893 /* Sources */ = {
			isa = PBXSourcesBuildPhase;
			buildActionMask = 2147483647;
			files = (
				18B106352831342A00AD6CB1 /* CalculatorBrain.swift in Sources */,
				18F91B7B280BE905008AB893 /* ViewController.swift in Sources */,
				18F91B77280BE905008AB893 /* AppDelegate.swift in Sources */,
				18A828C82831375A0043F26B /* BMI.swift in Sources */,
				18B106312831336B00AD6CB1 /* CalculateViewController.swift in Sources */,
				18F91B79280BE905008AB893 /* SceneDelegate.swift in Sources */,
				18B10633283133EF00AD6CB1 /* ResultViewController.swift in Sources */,
			);
			runOnlyForDeploymentPostprocessing = 0;
		};
/* End PBXSourcesBuildPhase section */

/* Begin PBXVariantGroup section */
		18F91B81280BE906008AB893 /* LaunchScreen.storyboard */ = {
			isa = PBXVariantGroup;
			children = (
				18F91B82280BE906008AB893 /* Base */,
			);
			name = LaunchScreen.storyboard;
			sourceTree = "<group>";
		};
		18F91B92280BE9E4008AB893 /* Main.storyboard */ = {
			isa = PBXVariantGroup;
			children = (
				18F91B93280BE9E4008AB893 /* Base */,
			);
			name = Main.storyboard;
			sourceTree = "<group>";
		};
/* End PBXVariantGroup section */

/* Begin XCBuildConfiguration section */
		18F91B85280BE906008AB893 /* Debug */ = {
			isa = XCBuildConfiguration;
			buildSettings = {
				ALWAYS_SEARCH_USER_PATHS = NO;
				CLANG_ANALYZER_NONNULL = YES;
				CLANG_ANALYZER_NUMBER_OBJECT_CONVERSION = YES_AGGRESSIVE;
				CLANG_CXX_LANGUAGE_STANDARD = "gnu++17";
				CLANG_ENABLE_MODULES = YES;
				CLANG_ENABLE_OBJC_ARC = YES;
				CLANG_ENABLE_OBJC_WEAK = YES;
				CLANG_WARN_BLOCK_CAPTURE_AUTORELEASING = YES;
				CLANG_WARN_BOOL_CONVERSION = YES;
				CLANG_WARN_COMMA = YES;
				CLANG_WARN_CONSTANT_CONVERSION = YES;
				CLANG_WARN_DEPRECATED_OBJC_IMPLEMENTATIONS = YES;
				CLANG_WARN_DIRECT_OBJC_ISA_USAGE = YES_ERROR;
				CLANG_WARN_DOCUMENTATION_COMMENTS = YES;
				CLANG_WARN_EMPTY_BODY = YES;
				CLANG_WARN_ENUM_CONVERSION = YES;
				CLANG_WARN_INFINITE_RECURSION = YES;
				CLANG_WARN_INT_CONVERSION = YES;
				CLANG_WARN_NON_LITERAL_NULL_CONVERSION = YES;
				CLANG_WARN_OBJC_IMPLICIT_RETAIN_SELF = YES;
				CLANG_WARN_OBJC_LITERAL_CONVERSION = YES;
				CLANG_WARN_OBJC_ROOT_CLASS = YES_ERROR;
				CLANG_WARN_QUOTED_INCLUDE_IN_FRAMEWORK_HEADER = YES;
				CLANG_WARN_RANGE_LOOP_ANALYSIS = YES;
				CLANG_WARN_STRICT_PROTOTYPES = YES;
				CLANG_WARN_SUSPICIOUS_MOVE = YES;
				CLANG_WARN_UNGUARDED_AVAILABILITY = YES_AGGRESSIVE;
				CLANG_WARN_UNREACHABLE_CODE = YES;
				CLANG_WARN__DUPLICATE_METHOD_MATCH = YES;
				COPY_PHASE_STRIP = NO;
				DEBUG_INFORMATION_FORMAT = dwarf;
				ENABLE_STRICT_OBJC_MSGSEND = YES;
				ENABLE_TESTABILITY = YES;
				GCC_C_LANGUAGE_STANDARD = gnu11;
				GCC_DYNAMIC_NO_PIC = NO;
				GCC_NO_COMMON_BLOCKS = YES;
				GCC_OPTIMIZATION_LEVEL = 0;
				GCC_PREPROCESSOR_DEFINITIONS = (
					"DEBUG=1",
					"$(inherited)",
				);
				GCC_WARN_64_TO_32_BIT_CONVERSION = YES;
				GCC_WARN_ABOUT_RETURN_TYPE = YES_ERROR;
				GCC_WARN_UNDECLARED_SELECTOR = YES;
				GCC_WARN_UNINITIALIZED_AUTOS = YES_AGGRESSIVE;
				GCC_WARN_UNUSED_FUNCTION = YES;
				GCC_WARN_UNUSED_VARIABLE = YES;
				IPHONEOS_DEPLOYMENT_TARGET = 15.4;
				MTL_ENABLE_DEBUG_INFO = INCLUDE_SOURCE;
				MTL_FAST_MATH = YES;
				ONLY_ACTIVE_ARCH = YES;
				SDKROOT = iphoneos;
				SWIFT_ACTIVE_COMPILATION_CONDITIONS = DEBUG;
				SWIFT_OPTIMIZATION_LEVEL = "-Onone";
			};
			name = Debug;
		};
		18F91B86280BE906008AB893 /* Release */ = {
			isa = XCBuildConfiguration;
			buildSettings = {
				ALWAYS_SEARCH_USER_PATHS = NO;
				CLANG_ANALYZER_NONNULL = YES;
				CLANG_ANALYZER_NUMBER_OBJECT_CONVERSION = YES_AGGRESSIVE;
				CLANG_CXX_LANGUAGE_STANDARD = "gnu++17";
				CLANG_ENABLE_MODULES = YES;
				CLANG_ENABLE_OBJC_ARC = YES;
				CLANG_ENABLE_OBJC_WEAK = YES;
				CLANG_WARN_BLOCK_CAPTURE_AUTORELEASING = YES;
				CLANG_WARN_BOOL_CONVERSION = YES;
				CLANG_WARN_COMMA = YES;
				CLANG_WARN_CONSTANT_CONVERSION = YES;
				CLANG_WARN_DEPRECATED_OBJC_IMPLEMENTATIONS = YES;
				CLANG_WARN_DIRECT_OBJC_ISA_USAGE = YES_ERROR;
				CLANG_WARN_DOCUMENTATION_COMMENTS = YES;
				CLANG_WARN_EMPTY_BODY = YES;
				CLANG_WARN_ENUM_CONVERSION = YES;
				CLANG_WARN_INFINITE_RECURSION = YES;
				CLANG_WARN_INT_CONVERSION = YES;
				CLANG_WARN_NON_LITERAL_NULL_CONVERSION = YES;
				CLANG_WARN_OBJC_IMPLICIT_RETAIN_SELF = YES;
				CLANG_WARN_OBJC_LITERAL_CONVERSION = YES;
				CLANG_WARN_OBJC_ROOT_CLASS = YES_ERROR;
				CLANG_WARN_QUOTED_INCLUDE_IN_FRAMEWORK_HEADER = YES;
				CLANG_WARN_RANGE_LOOP_ANALYSIS = YES;
				CLANG_WARN_STRICT_PROTOTYPES = YES;
				CLANG_WARN_SUSPICIOUS_MOVE = YES;
				CLANG_WARN_UNGUARDED_AVAILABILITY = YES_AGGRESSIVE;
				CLANG_WARN_UNREACHABLE_CODE = YES;
				CLANG_WARN__DUPLICATE_METHOD_MATCH = YES;
				COPY_PHASE_STRIP = NO;
				DEBUG_INFORMATION_FORMAT = "dwarf-with-dsym";
				ENABLE_NS_ASSERTIONS = NO;
				ENABLE_STRICT_OBJC_MSGSEND = YES;
				GCC_C_LANGUAGE_STANDARD = gnu11;
				GCC_NO_COMMON_BLOCKS = YES;
				GCC_WARN_64_TO_32_BIT_CONVERSION = YES;
				GCC_WARN_ABOUT_RETURN_TYPE = YES_ERROR;
				GCC_WARN_UNDECLARED_SELECTOR = YES;
				GCC_WARN_UNINITIALIZED_AUTOS = YES_AGGRESSIVE;
				GCC_WARN_UNUSED_FUNCTION = YES;
				GCC_WARN_UNUSED_VARIABLE = YES;
				IPHONEOS_DEPLOYMENT_TARGET = 15.4;
				MTL_ENABLE_DEBUG_INFO = NO;
				MTL_FAST_MATH = YES;
				SDKROOT = iphoneos;
				SWIFT_COMPILATION_MODE = wholemodule;
				SWIFT_OPTIMIZATION_LEVEL = "-O";
				VALIDATE_PRODUCT = YES;
			};
			name = Release;
		};
		18F91B88280BE906008AB893 /* Debug */ = {
			isa = XCBuildConfiguration;
			baseConfigurationReference = 06CCC8E8EEC28035F35C0C7C /* Pods-BMICalculatorApp.debug.xcconfig */;
			buildSettings = {
				ASSETCATALOG_COMPILER_APPICON_NAME = AppIcon;
				ASSETCATALOG_COMPILER_GLOBAL_ACCENT_COLOR_NAME = AccentColor;
				CODE_SIGN_STYLE = Automatic;
				CURRENT_PROJECT_VERSION = 1;
				GENERATE_INFOPLIST_FILE = YES;
				INFOPLIST_FILE = BMICalculatorApp/Info.plist;
				INFOPLIST_KEY_UIApplicationSupportsIndirectInputEvents = YES;
				INFOPLIST_KEY_UILaunchStoryboardName = LaunchScreen;
				INFOPLIST_KEY_UIMainStoryboardFile = Main;
				INFOPLIST_KEY_UISupportedInterfaceOrientations_iPad = "UIInterfaceOrientationPortrait UIInterfaceOrientationPortraitUpsideDown UIInterfaceOrientationLandscapeLeft UIInterfaceOrientationLandscapeRight";
				INFOPLIST_KEY_UISupportedInterfaceOrientations_iPhone = "UIInterfaceOrientationPortrait UIInterfaceOrientationLandscapeLeft UIInterfaceOrientationLandscapeRight";
				LD_RUNPATH_SEARCH_PATHS = (
					"$(inherited)",
					"@executable_path/Frameworks",
				);
				MARKETING_VERSION = 1.0;
				PRODUCT_BUNDLE_IDENTIFIER = com.Aditya.BMICalculatorApp;
				PRODUCT_NAME = "$(TARGET_NAME)";
				SWIFT_EMIT_LOC_STRINGS = YES;
				SWIFT_VERSION = 5.0;
				TARGETED_DEVICE_FAMILY = "1,2";
			};
			name = Debug;
		};
		18F91B89280BE906008AB893 /* Release */ = {
			isa = XCBuildConfiguration;
			baseConfigurationReference = 2DC25EA093EBB37485A6FFD4 /* Pods-BMICalculatorApp.release.xcconfig */;
			buildSettings = {
				ASSETCATALOG_COMPILER_APPICON_NAME = AppIcon;
				ASSETCATALOG_COMPILER_GLOBAL_ACCENT_COLOR_NAME = AccentColor;
				CODE_SIGN_STYLE = Automatic;
				CURRENT_PROJECT_VERSION = 1;
				GENERATE_INFOPLIST_FILE = YES;
				INFOPLIST_FILE = BMICalculatorApp/Info.plist;
				INFOPLIST_KEY_UIApplicationSupportsIndirectInputEvents = YES;
				INFOPLIST_KEY_UILaunchStoryboardName = LaunchScreen;
				INFOPLIST_KEY_UIMainStoryboardFile = Main;
				INFOPLIST_KEY_UISupportedInterfaceOrientations_iPad = "UIInterfaceOrientationPortrait UIInterfaceOrientationPortraitUpsideDown UIInterfaceOrientationLandscapeLeft UIInterfaceOrientationLandscapeRight";
				INFOPLIST_KEY_UISupportedInterfaceOrientations_iPhone = "UIInterfaceOrientationPortrait UIInterfaceOrientationLandscapeLeft UIInterfaceOrientationLandscapeRight";
				LD_RUNPATH_SEARCH_PATHS = (
					"$(inherited)",
					"@executable_path/Frameworks",
				);
				MARKETING_VERSION = 1.0;
				PRODUCT_BUNDLE_IDENTIFIER = com.Aditya.BMICalculatorApp;
				PRODUCT_NAME = "$(TARGET_NAME)";
				SWIFT_EMIT_LOC_STRINGS = YES;
				SWIFT_VERSION = 5.0;
				TARGETED_DEVICE_FAMILY = "1,2";
			};
			name = Release;
		};
/* End XCBuildConfiguration section */

/* Begin XCConfigurationList section */
		18F91B6E280BE905008AB893 /* Build configuration list for PBXProject "BMICalculatorApp" */ = {
			isa = XCConfigurationList;
			buildConfigurations = (
				18F91B85280BE906008AB893 /* Debug */,
				18F91B86280BE906008AB893 /* Release */,
			);
			defaultConfigurationIsVisible = 0;
			defaultConfigurationName = Release;
		};
		18F91B87280BE906008AB893 /* Build configuration list for PBXNativeTarget "BMICalculatorApp" */ = {
			isa = XCConfigurationList;
			buildConfigurations = (
				18F91B88280BE906008AB893 /* Debug */,
				18F91B89280BE906008AB893 /* Release */,
			);
			defaultConfigurationIsVisible = 0;
			defaultConfigurationName = Release;
		};
/* End XCConfigurationList section */
	};
	rootObject = 18F91B6B280BE905008AB893 /* Project object */;
}
